
Microsoft Visual Studio Solution File, Format Version 12.00
# Visual Studio Version 16
VisualStudioVersion = 16.0.31624.102
MinimumVisualStudioVersion = 10.0.40219.1
Project("{9A19103F-16F7-4668-BE54-9A1E7A4F7556}") = "TripSity", "TripSity\TripSity.csproj", "{2A2F6066-FE4A-46A1-8244-71723A515682}"
EndProject
Global
	GlobalSection(SolutionConfigurationPlatforms) = preSolution
		Debug|Any CPU = Debug|Any CPU
		Release|Any CPU = Release|Any CPU
	EndGlobalSection
	GlobalSection(ProjectConfigurationPlatforms) = postSolution
		{2A2F6066-FE4A-46A1-8244-71723A515682}.Debug|Any CPU.ActiveCfg = Debug|Any CPU
		{2A2F6066-FE4A-46A1-8244-71723A515682}.Debug|Any CPU.Build.0 = Debug|Any CPU
		{2A2F6066-FE4A-46A1-8244-71723A515682}.Release|Any CPU.ActiveCfg = Release|Any CPU
		{2A2F6066-FE4A-46A1-8244-71723A515682}.Release|Any CPU.Build.0 = Release|Any CPU
	EndGlobalSection
	GlobalSection(SolutionProperties) = preSolution
		HideSolutionNode = FALSE
	EndGlobalSection
	GlobalSection(ExtensibilityGlobals) = postSolution
		SolutionGuid = {006F82FA-C74E-470A-A372-A6D9224B5ABF}
	EndGlobalSection
EndGlobal
