
Microsoft Visual Studio Solution File, Format Version 12.00
# Visual Studio Version 16
VisualStudioVersion = 16.0.31613.86
MinimumVisualStudioVersion = 10.0.40219.1
Project("{9A19103F-16F7-4668-BE54-9A1E7A4F7556}") = "Trips", "Trips\Trips.csproj", "{CF3962AD-16FF-4FEE-9A28-54DA5EEF86FB}"
EndProject
Global
	GlobalSection(SolutionConfigurationPlatforms) = preSolution
		Debug|Any CPU = Debug|Any CPU
		Release|Any CPU = Release|Any CPU
	EndGlobalSection
	GlobalSection(ProjectConfigurationPlatforms) = postSolution
		{CF3962AD-16FF-4FEE-9A28-54DA5EEF86FB}.Debug|Any CPU.ActiveCfg = Debug|Any CPU
		{CF3962AD-16FF-4FEE-9A28-54DA5EEF86FB}.Debug|Any CPU.Build.0 = Debug|Any CPU
		{CF3962AD-16FF-4FEE-9A28-54DA5EEF86FB}.Release|Any CPU.ActiveCfg = Release|Any CPU
		{CF3962AD-16FF-4FEE-9A28-54DA5EEF86FB}.Release|Any CPU.Build.0 = Release|Any CPU
	EndGlobalSection
	GlobalSection(SolutionProperties) = preSolution
		HideSolutionNode = FALSE
	EndGlobalSection
	GlobalSection(ExtensibilityGlobals) = postSolution
		SolutionGuid = {5930798C-A7EB-4E61-9171-54B8ABB2DB24}
	EndGlobalSection
EndGlobal
